
Microsoft Visual Studio Solution File, Format Version 12.00
# Visual Studio Version 16
VisualStudioVersion = 16.0.808.2
MinimumVisualStudioVersion = 10.0.40219.1
Project("{FAE04EC0-301F-11D3-BF4B-00C04F79EFBC}") = "TwitchTokenGeneratorNET", "TwitchTokenGeneratorNET\TwitchTokenGeneratorNET.csproj", "{7D1F8682-A773-4D1B-B544-0AE6546CAEF4}"
EndProject
Global
	GlobalSection(SolutionConfigurationPlatforms) = preSolution
		Debug|Any CPU = Debug|Any CPU
		Release|Any CPU = Release|Any CPU
	EndGlobalSection
	GlobalSection(ProjectConfigurationPlatforms) = postSolution
		{7D1F8682-A773-4D1B-B544-0AE6546CAEF4}.Debug|Any CPU.ActiveCfg = Debug|Any CPU
		{7D1F8682-A773-4D1B-B544-0AE6546CAEF4}.Debug|Any CPU.Build.0 = Debug|Any CPU
		{7D1F8682-A773-4D1B-B544-0AE6546CAEF4}.Release|Any CPU.ActiveCfg = Release|Any CPU
		{7D1F8682-A773-4D1B-B544-0AE6546CAEF4}.Release|Any CPU.Build.0 = Release|Any CPU
	EndGlobalSection
	GlobalSection(SolutionProperties) = preSolution
		HideSolutionNode = FALSE
	EndGlobalSection
	GlobalSection(ExtensibilityGlobals) = postSolution
		SolutionGuid = {52EAA019-CD19-47EB-A1FD-902A41443262}
	EndGlobalSection
EndGlobal
